
Microsoft Visual Studio Solution File, Format Version 12.00
# Visual Studio Version 16
VisualStudioVersion = 16.0.29926.136
MinimumVisualStudioVersion = 10.0.40219.1
Project("{FAE04EC0-301F-11D3-BF4B-00C04F79EFBC}") = "Übung", "Übung\Übung.csproj", "{0E470C53-7D56-4021-B21B-0CB81DA2D6C3}"
EndProject
Global
	GlobalSection(SolutionConfigurationPlatforms) = preSolution
		Debug|Any CPU = Debug|Any CPU
		Release|Any CPU = Release|Any CPU
	EndGlobalSection
	GlobalSection(ProjectConfigurationPlatforms) = postSolution
		{0E470C53-7D56-4021-B21B-0CB81DA2D6C3}.Debug|Any CPU.ActiveCfg = Debug|Any CPU
		{0E470C53-7D56-4021-B21B-0CB81DA2D6C3}.Debug|Any CPU.Build.0 = Debug|Any CPU
		{0E470C53-7D56-4021-B21B-0CB81DA2D6C3}.Release|Any CPU.ActiveCfg = Release|Any CPU
		{0E470C53-7D56-4021-B21B-0CB81DA2D6C3}.Release|Any CPU.Build.0 = Release|Any CPU
	EndGlobalSection
	GlobalSection(SolutionProperties) = preSolution
		HideSolutionNode = FALSE
	EndGlobalSection
	GlobalSection(ExtensibilityGlobals) = postSolution
		SolutionGuid = {2B676DEF-B236-4168-86E0-1F7F63AAC246}
	EndGlobalSection
EndGlobal
