
Microsoft Visual Studio Solution File, Format Version 12.00
# Visual Studio Version 16
VisualStudioVersion = 16.0.30002.166
MinimumVisualStudioVersion = 10.0.40219.1
Project("{FAE04EC0-301F-11D3-BF4B-00C04F79EFBC}") = "Übung 30.04.2020", "Übung 30.04.2020\Übung 30.04.2020.csproj", "{29ECCDF7-80CE-47ED-B8CE-85E826BBDA35}"
EndProject
Global
	GlobalSection(SolutionConfigurationPlatforms) = preSolution
		Debug|Any CPU = Debug|Any CPU
		Release|Any CPU = Release|Any CPU
	EndGlobalSection
	GlobalSection(ProjectConfigurationPlatforms) = postSolution
		{29ECCDF7-80CE-47ED-B8CE-85E826BBDA35}.Debug|Any CPU.ActiveCfg = Debug|Any CPU
		{29ECCDF7-80CE-47ED-B8CE-85E826BBDA35}.Debug|Any CPU.Build.0 = Debug|Any CPU
		{29ECCDF7-80CE-47ED-B8CE-85E826BBDA35}.Release|Any CPU.ActiveCfg = Release|Any CPU
		{29ECCDF7-80CE-47ED-B8CE-85E826BBDA35}.Release|Any CPU.Build.0 = Release|Any CPU
	EndGlobalSection
	GlobalSection(SolutionProperties) = preSolution
		HideSolutionNode = FALSE
	EndGlobalSection
	GlobalSection(ExtensibilityGlobals) = postSolution
		SolutionGuid = {330082F8-21D3-4A9F-B838-06595D6F39DA}
	EndGlobalSection
EndGlobal
